
Microsoft Visual Studio Solution File, Format Version 12.00
# Visual Studio Version 16
VisualStudioVersion = 16.0.31702.278
MinimumVisualStudioVersion = 10.0.40219.1
Project("{FAE04EC0-301F-11D3-BF4B-00C04F79EFBC}") = "WebApp_F", "WebApp_F\WebApp_F.csproj", "{5202D40F-7F28-484A-BC6E-998E280122DE}"
EndProject
Global
	GlobalSection(SolutionConfigurationPlatforms) = preSolution
		Debug|Any CPU = Debug|Any CPU
		Release|Any CPU = Release|Any CPU
	EndGlobalSection
	GlobalSection(ProjectConfigurationPlatforms) = postSolution
		{5202D40F-7F28-484A-BC6E-998E280122DE}.Debug|Any CPU.ActiveCfg = Debug|Any CPU
		{5202D40F-7F28-484A-BC6E-998E280122DE}.Debug|Any CPU.Build.0 = Debug|Any CPU
		{5202D40F-7F28-484A-BC6E-998E280122DE}.Release|Any CPU.ActiveCfg = Release|Any CPU
		{5202D40F-7F28-484A-BC6E-998E280122DE}.Release|Any CPU.Build.0 = Release|Any CPU
	EndGlobalSection
	GlobalSection(SolutionProperties) = preSolution
		HideSolutionNode = FALSE
	EndGlobalSection
	GlobalSection(ExtensibilityGlobals) = postSolution
		SolutionGuid = {062F7148-534D-4ADA-B0E9-76DEACE84586}
	EndGlobalSection
EndGlobal
